
Microsoft Visual Studio Solution File, Format Version 12.00
# Visual Studio Version 17
VisualStudioVersion = 17.13.35825.156 d17.13
MinimumVisualStudioVersion = 10.0.40219.1
Project("{FAE04EC0-301F-11D3-BF4B-00C04F79EFBC}") = "Examen_poo", "Examen_poo\Examen_poo.csproj", "{AB21C5EC-5A4A-4F2F-807E-8D17946BABD1}"
EndProject
Global
	GlobalSection(SolutionConfigurationPlatforms) = preSolution
		Debug|Any CPU = Debug|Any CPU
		Release|Any CPU = Release|Any CPU
	EndGlobalSection
	GlobalSection(ProjectConfigurationPlatforms) = postSolution
		{AB21C5EC-5A4A-4F2F-807E-8D17946BABD1}.Debug|Any CPU.ActiveCfg = Debug|Any CPU
		{AB21C5EC-5A4A-4F2F-807E-8D17946BABD1}.Debug|Any CPU.Build.0 = Debug|Any CPU
		{AB21C5EC-5A4A-4F2F-807E-8D17946BABD1}.Release|Any CPU.ActiveCfg = Release|Any CPU
		{AB21C5EC-5A4A-4F2F-807E-8D17946BABD1}.Release|Any CPU.Build.0 = Release|Any CPU
	EndGlobalSection
	GlobalSection(SolutionProperties) = preSolution
		HideSolutionNode = FALSE
	EndGlobalSection
	GlobalSection(ExtensibilityGlobals) = postSolution
		SolutionGuid = {A8F62E35-F85F-44EB-A27C-789F47DF5193}
	EndGlobalSection
EndGlobal
